
Microsoft Visual Studio Solution File, Format Version 12.00
# Visual Studio Version 17
VisualStudioVersion = 17.0.32014.148
MinimumVisualStudioVersion = 10.0.40219.1
Project("{FAE04EC0-301F-11D3-BF4B-00C04F79EFBC}") = "StudentCounselling", "StudentCounselling\StudentCounselling.csproj", "{66660EB1-0A0B-4612-834E-CA3BE053DFBE}"
EndProject
Global
	GlobalSection(SolutionConfigurationPlatforms) = preSolution
		Debug|Any CPU = Debug|Any CPU
		Release|Any CPU = Release|Any CPU
	EndGlobalSection
	GlobalSection(ProjectConfigurationPlatforms) = postSolution
		{66660EB1-0A0B-4612-834E-CA3BE053DFBE}.Debug|Any CPU.ActiveCfg = Debug|Any CPU
		{66660EB1-0A0B-4612-834E-CA3BE053DFBE}.Debug|Any CPU.Build.0 = Debug|Any CPU
		{66660EB1-0A0B-4612-834E-CA3BE053DFBE}.Release|Any CPU.ActiveCfg = Release|Any CPU
		{66660EB1-0A0B-4612-834E-CA3BE053DFBE}.Release|Any CPU.Build.0 = Release|Any CPU
	EndGlobalSection
	GlobalSection(SolutionProperties) = preSolution
		HideSolutionNode = FALSE
	EndGlobalSection
	GlobalSection(ExtensibilityGlobals) = postSolution
		SolutionGuid = {E1C9F9EF-8953-4B46-ADD1-810626FDA5C3}
	EndGlobalSection
EndGlobal
